# THIS IS AN AUTOGENERATED FILE. DO NOT EDIT THIS FILE DIRECTLY.
# yarn lockfile v1


"@types/node@^16.4.13":
  version "16.4.13"
  resolved "https://registry.yarnpkg.com/@types/node/-/node-16.4.13.tgz#7dfd9c14661edc65cccd43a29eb454174642370d"
  integrity sha512-bLL69sKtd25w7p1nvg9pigE4gtKVpGTPojBFLMkGHXuUgap2sLqQt2qUnqmVCDfzGUL0DRNZP+1prIZJbMeAXg==

"@types/vscode@^1.59.0":
  version "1.59.0"
  resolved "https://registry.yarnpkg.com/@types/vscode/-/vscode-1.59.0.tgz#11c93f5016926126bf30b47b9ece3bd617eeef31"
  integrity sha512-Zg38rusx2nU6gy6QdF7v4iqgxNfxzlBlDhrRCjOiPQp+sfaNrp3f9J6OHIhpGNN1oOAca4+9Hq0+8u3jwzPMlQ==
